
Microsoft Visual Studio Solution File, Format Version 12.00
# Visual Studio Version 17
VisualStudioVersion = 17.11.35303.130
MinimumVisualStudioVersion = 10.0.40219.1
Project("{9A19103F-16F7-4668-BE54-9A1E7A4F7556}") = "ClienteCRUD", "ClienteCRUD\ClienteCRUD.csproj", "{B5B1946C-A34A-478E-ABE7-55A6E3625DA8}"
EndProject
Project("{2150E333-8FDC-42A3-9474-1A3956D46DE8}") = "DevExtreme NuGet.config", "DevExtreme NuGet.config", "{F1A9BF22-53E2-4EF7-9DCD-951D32E562B4}"
	ProjectSection(SolutionItems) = preProject
		NuGet.config = NuGet.config
	EndProjectSection
EndProject
Global
	GlobalSection(SolutionConfigurationPlatforms) = preSolution
		Debug|Any CPU = Debug|Any CPU
		Release|Any CPU = Release|Any CPU
	EndGlobalSection
	GlobalSection(ProjectConfigurationPlatforms) = postSolution
		{B5B1946C-A34A-478E-ABE7-55A6E3625DA8}.Debug|Any CPU.ActiveCfg = Debug|Any CPU
		{B5B1946C-A34A-478E-ABE7-55A6E3625DA8}.Debug|Any CPU.Build.0 = Debug|Any CPU
		{B5B1946C-A34A-478E-ABE7-55A6E3625DA8}.Release|Any CPU.ActiveCfg = Release|Any CPU
		{B5B1946C-A34A-478E-ABE7-55A6E3625DA8}.Release|Any CPU.Build.0 = Release|Any CPU
	EndGlobalSection
	GlobalSection(SolutionProperties) = preSolution
		HideSolutionNode = FALSE
	EndGlobalSection
	GlobalSection(ExtensibilityGlobals) = postSolution
		SolutionGuid = {71A03A01-256D-4563-BCAC-89655126A25E}
	EndGlobalSection
EndGlobal
